
Microsoft Visual Studio Solution File, Format Version 12.00
# Visual Studio 14
VisualStudioVersion = 14.0.25420.1
MinimumVisualStudioVersion = 10.0.40219.1
Project("{FAE04EC0-301F-11D3-BF4B-00C04F79EFBC}") = "WF", "WF\WF.csproj", "{CE381FA9-BE71-463D-98E9-B1BF52396FF4}"
EndProject
Project("{FAE04EC0-301F-11D3-BF4B-00C04F79EFBC}") = "Library1", "Library1\Library1.csproj", "{F08E8AE6-2A65-417F-8BD7-B94F44C80674}"
EndProject
Global
	GlobalSection(SolutionConfigurationPlatforms) = preSolution
		Debug|Any CPU = Debug|Any CPU
		Release|Any CPU = Release|Any CPU
	EndGlobalSection
	GlobalSection(ProjectConfigurationPlatforms) = postSolution
		{CE381FA9-BE71-463D-98E9-B1BF52396FF4}.Debug|Any CPU.ActiveCfg = Debug|Any CPU
		{CE381FA9-BE71-463D-98E9-B1BF52396FF4}.Debug|Any CPU.Build.0 = Debug|Any CPU
		{CE381FA9-BE71-463D-98E9-B1BF52396FF4}.Release|Any CPU.ActiveCfg = Release|Any CPU
		{CE381FA9-BE71-463D-98E9-B1BF52396FF4}.Release|Any CPU.Build.0 = Release|Any CPU
		{F08E8AE6-2A65-417F-8BD7-B94F44C80674}.Debug|Any CPU.ActiveCfg = Debug|Any CPU
		{F08E8AE6-2A65-417F-8BD7-B94F44C80674}.Debug|Any CPU.Build.0 = Debug|Any CPU
		{F08E8AE6-2A65-417F-8BD7-B94F44C80674}.Release|Any CPU.ActiveCfg = Release|Any CPU
		{F08E8AE6-2A65-417F-8BD7-B94F44C80674}.Release|Any CPU.Build.0 = Release|Any CPU
	EndGlobalSection
	GlobalSection(SolutionProperties) = preSolution
		HideSolutionNode = FALSE
	EndGlobalSection
EndGlobal
